
Microsoft Visual Studio Solution File, Format Version 12.00
# Visual Studio Version 16
VisualStudioVersion = 16.0.30406.217
MinimumVisualStudioVersion = 10.0.40219.1
Project("{FAE04EC0-301F-11D3-BF4B-00C04F79EFBC}") = "View", "Care22Aula71\View.csproj", "{F8E47724-FB55-4018-B5EA-05F81B92C539}"
EndProject
Project("{FAE04EC0-301F-11D3-BF4B-00C04F79EFBC}") = "Model", "Model\Model.csproj", "{FBCCEB5E-516A-4AD3-B858-6C4E21344881}"
EndProject
Project("{FAE04EC0-301F-11D3-BF4B-00C04F79EFBC}") = "DAO", "DAO\DAO.csproj", "{314A4228-5696-495B-9C29-984478AE3DC3}"
EndProject
Global
	GlobalSection(SolutionConfigurationPlatforms) = preSolution
		Debug|Any CPU = Debug|Any CPU
		Release|Any CPU = Release|Any CPU
	EndGlobalSection
	GlobalSection(ProjectConfigurationPlatforms) = postSolution
		{F8E47724-FB55-4018-B5EA-05F81B92C539}.Debug|Any CPU.ActiveCfg = Debug|Any CPU
		{F8E47724-FB55-4018-B5EA-05F81B92C539}.Debug|Any CPU.Build.0 = Debug|Any CPU
		{F8E47724-FB55-4018-B5EA-05F81B92C539}.Release|Any CPU.ActiveCfg = Release|Any CPU
		{F8E47724-FB55-4018-B5EA-05F81B92C539}.Release|Any CPU.Build.0 = Release|Any CPU
		{FBCCEB5E-516A-4AD3-B858-6C4E21344881}.Debug|Any CPU.ActiveCfg = Debug|Any CPU
		{FBCCEB5E-516A-4AD3-B858-6C4E21344881}.Debug|Any CPU.Build.0 = Debug|Any CPU
		{FBCCEB5E-516A-4AD3-B858-6C4E21344881}.Release|Any CPU.ActiveCfg = Release|Any CPU
		{FBCCEB5E-516A-4AD3-B858-6C4E21344881}.Release|Any CPU.Build.0 = Release|Any CPU
		{314A4228-5696-495B-9C29-984478AE3DC3}.Debug|Any CPU.ActiveCfg = Debug|Any CPU
		{314A4228-5696-495B-9C29-984478AE3DC3}.Debug|Any CPU.Build.0 = Debug|Any CPU
		{314A4228-5696-495B-9C29-984478AE3DC3}.Release|Any CPU.ActiveCfg = Release|Any CPU
		{314A4228-5696-495B-9C29-984478AE3DC3}.Release|Any CPU.Build.0 = Release|Any CPU
	EndGlobalSection
	GlobalSection(SolutionProperties) = preSolution
		HideSolutionNode = FALSE
	EndGlobalSection
	GlobalSection(ExtensibilityGlobals) = postSolution
		SolutionGuid = {C6ABA083-D93A-4E94-BCF3-8D26237863ED}
	EndGlobalSection
EndGlobal
